// !$*UTF8*$!
{
	archiveVersion = 1;
	classes = {
	};
	objectVersion = 46;
	objects = {

/* Begin PBXBuildFile section */
		1ADDF965D66B378150F1E243 /* Pods.framework in Frameworks */ = {isa = PBXBuildFile; fileRef = 9C4FBF7E51B5EEFF865B85D6 /* Pods.framework */; };
		730F39DF1CB3CB75009250F8 /* AkiraTextField.swift in Sources */ = {isa = PBXBuildFile; fileRef = 730F39D31CB3CB75009250F8 /* AkiraTextField.swift */; };
		730F39E01CB3CB75009250F8 /* HoshiTextField.swift in Sources */ = {isa = PBXBuildFile; fileRef = 730F39D41CB3CB75009250F8 /* HoshiTextField.swift */; };
		730F39E11CB3CB75009250F8 /* Info.plist in Resources */ = {isa = PBXBuildFile; fileRef = 730F39D51CB3CB75009250F8 /* Info.plist */; };
		730F39E21CB3CB75009250F8 /* IsaoTextField.swift in Sources */ = {isa = PBXBuildFile; fileRef = 730F39D61CB3CB75009250F8 /* IsaoTextField.swift */; };
		730F39E31CB3CB75009250F8 /* JiroTextField.swift in Sources */ = {isa = PBXBuildFile; fileRef = 730F39D71CB3CB75009250F8 /* JiroTextField.swift */; };
		730F39E41CB3CB75009250F8 /* KaedeTextField.swift in Sources */ = {isa = PBXBuildFile; fileRef = 730F39D81CB3CB75009250F8 /* KaedeTextField.swift */; };
		730F39E51CB3CB75009250F8 /* MadokaTextField.swift in Sources */ = {isa = PBXBuildFile; fileRef = 730F39D91CB3CB75009250F8 /* MadokaTextField.swift */; };
		730F39E61CB3CB75009250F8 /* MinoruTextField.swift in Sources */ = {isa = PBXBuildFile; fileRef = 730F39DA1CB3CB75009250F8 /* MinoruTextField.swift */; };
		730F39E71CB3CB75009250F8 /* TextFieldsEffects.swift in Sources */ = {isa = PBXBuildFile; fileRef = 730F39DC1CB3CB75009250F8 /* TextFieldsEffects.swift */; };
		730F39E81CB3CB75009250F8 /* YokoTextField.swift in Sources */ = {isa = PBXBuildFile; fileRef = 730F39DD1CB3CB75009250F8 /* YokoTextField.swift */; };
		730F39E91CB3CB75009250F8 /* YoshikoTextField.swift in Sources */ = {isa = PBXBuildFile; fileRef = 730F39DE1CB3CB75009250F8 /* YoshikoTextField.swift */; };
		730F39EB1CB3DEDA009250F8 /* AllBoardsTableViewController.swift in Sources */ = {isa = PBXBuildFile; fileRef = 730F39EA1CB3DEDA009250F8 /* AllBoardsTableViewController.swift */; };
		730F39ED1CB3E73C009250F8 /* UserTableViewCell.swift in Sources */ = {isa = PBXBuildFile; fileRef = 730F39EC1CB3E73C009250F8 /* UserTableViewCell.swift */; };
		730F39EF1CB3F02E009250F8 /* UserDetailsTableViewCell.swift in Sources */ = {isa = PBXBuildFile; fileRef = 730F39EE1CB3F02E009250F8 /* UserDetailsTableViewCell.swift */; };
		7376A8C01CA96556008C99C4 /* AppDelegate.swift in Sources */ = {isa = PBXBuildFile; fileRef = 7376A8BF1CA96556008C99C4 /* AppDelegate.swift */; };
		7376A8C21CA96556008C99C4 /* ViewController.swift in Sources */ = {isa = PBXBuildFile; fileRef = 7376A8C11CA96556008C99C4 /* ViewController.swift */; };
		7376A8C51CA96556008C99C4 /* Main.storyboard in Resources */ = {isa = PBXBuildFile; fileRef = 7376A8C31CA96556008C99C4 /* Main.storyboard */; };
		7376A8C71CA96556008C99C4 /* Assets.xcassets in Resources */ = {isa = PBXBuildFile; fileRef = 7376A8C61CA96556008C99C4 /* Assets.xcassets */; };
		7376A8CA1CA96556008C99C4 /* LaunchScreen.storyboard in Resources */ = {isa = PBXBuildFile; fileRef = 7376A8C81CA96556008C99C4 /* LaunchScreen.storyboard */; };
		7376A8D51CA96556008C99C4 /* KanbanFlowTests.swift in Sources */ = {isa = PBXBuildFile; fileRef = 7376A8D41CA96556008C99C4 /* KanbanFlowTests.swift */; };
		7376A8E01CA96556008C99C4 /* KanbanFlowUITests.swift in Sources */ = {isa = PBXBuildFile; fileRef = 7376A8DF1CA96556008C99C4 /* KanbanFlowUITests.swift */; };
		73DB3C4F1CAC126900EF1967 /* UserDetailsTableViewController.swift in Sources */ = {isa = PBXBuildFile; fileRef = 73DB3C4E1CAC126900EF1967 /* UserDetailsTableViewController.swift */; };
		73E21DE81CABCAE400FF2427 /* allUserTableTableViewController.swift in Sources */ = {isa = PBXBuildFile; fileRef = 73E21DE71CABCAE400FF2427 /* allUserTableTableViewController.swift */; };
/* End PBXBuildFile section */

/* Begin PBXContainerItemProxy section */
		7376A8D11CA96556008C99C4 /* PBXContainerItemProxy */ = {
			isa = PBXContainerItemProxy;
			containerPortal = 7376A8B41CA96556008C99C4 /* Project object */;
			proxyType = 1;
			remoteGlobalIDString = 7376A8BB1CA96556008C99C4;
			remoteInfo = KanbanFlow;
		};
		7376A8DC1CA96556008C99C4 /* PBXContainerItemProxy */ = {
			isa = PBXContainerItemProxy;
			containerPortal = 7376A8B41CA96556008C99C4 /* Project object */;
			proxyType = 1;
			remoteGlobalIDString = 7376A8BB1CA96556008C99C4;
			remoteInfo = KanbanFlow;
		};
/* End PBXContainerItemProxy section */

/* Begin PBXFileReference section */
		0D217CDC632C58FC9F76B888 /* Pods.debug.xcconfig */ = {isa = PBXFileReference; includeInIndex = 1; lastKnownFileType = text.xcconfig; name = Pods.debug.xcconfig; path = "Pods/Target Support Files/Pods/Pods.debug.xcconfig"; sourceTree = "<group>"; };
		730F39D31CB3CB75009250F8 /* AkiraTextField.swift */ = {isa = PBXFileReference; fileEncoding = 4; lastKnownFileType = sourcecode.swift; path = AkiraTextField.swift; sourceTree = "<group>"; };
		730F39D41CB3CB75009250F8 /* HoshiTextField.swift */ = {isa = PBXFileReference; fileEncoding = 4; lastKnownFileType = sourcecode.swift; path = HoshiTextField.swift; sourceTree = "<group>"; };
		730F39D51CB3CB75009250F8 /* Info.plist */ = {isa = PBXFileReference; fileEncoding = 4; lastKnownFileType = text.plist.xml; path = Info.plist; sourceTree = "<group>"; };
		730F39D61CB3CB75009250F8 /* IsaoTextField.swift */ = {isa = PBXFileReference; fileEncoding = 4; lastKnownFileType = sourcecode.swift; path = IsaoTextField.swift; sourceTree = "<group>"; };
		730F39D71CB3CB75009250F8 /* JiroTextField.swift */ = {isa = PBXFileReference; fileEncoding = 4; lastKnownFileType = sourcecode.swift; path = JiroTextField.swift; sourceTree = "<group>"; };
		730F39D81CB3CB75009250F8 /* KaedeTextField.swift */ = {isa = PBXFileReference; fileEncoding = 4; lastKnownFileType = sourcecode.swift; path = KaedeTextField.swift; sourceTree = "<group>"; };
		730F39D91CB3CB75009250F8 /* MadokaTextField.swift */ = {isa = PBXFileReference; fileEncoding = 4; lastKnownFileType = sourcecode.swift; path = MadokaTextField.swift; sourceTree = "<group>"; };
		730F39DA1CB3CB75009250F8 /* MinoruTextField.swift */ = {isa = PBXFileReference; fileEncoding = 4; lastKnownFileType = sourcecode.swift; path = MinoruTextField.swift; sourceTree = "<group>"; };
		730F39DB1CB3CB75009250F8 /* TextFieldEffects.h */ = {isa = PBXFileReference; fileEncoding = 4; lastKnownFileType = sourcecode.c.h; path = TextFieldEffects.h; sourceTree = "<group>"; };
		730F39DC1CB3CB75009250F8 /* TextFieldsEffects.swift */ = {isa = PBXFileReference; fileEncoding = 4; lastKnownFileType = sourcecode.swift; path = TextFieldsEffects.swift; sourceTree = "<group>"; };
		730F39DD1CB3CB75009250F8 /* YokoTextField.swift */ = {isa = PBXFileReference; fileEncoding = 4; lastKnownFileType = sourcecode.swift; path = YokoTextField.swift; sourceTree = "<group>"; };
		730F39DE1CB3CB75009250F8 /* YoshikoTextField.swift */ = {isa = PBXFileReference; fileEncoding = 4; lastKnownFileType = sourcecode.swift; path = YoshikoTextField.swift; sourceTree = "<group>"; };
		730F39EA1CB3DEDA009250F8 /* AllBoardsTableViewController.swift */ = {isa = PBXFileReference; fileEncoding = 4; lastKnownFileType = sourcecode.swift; path = AllBoardsTableViewController.swift; sourceTree = "<group>"; };
		730F39EC1CB3E73C009250F8 /* UserTableViewCell.swift */ = {isa = PBXFileReference; fileEncoding = 4; lastKnownFileType = sourcecode.swift; path = UserTableViewCell.swift; sourceTree = "<group>"; };
		730F39EE1CB3F02E009250F8 /* UserDetailsTableViewCell.swift */ = {isa = PBXFileReference; fileEncoding = 4; lastKnownFileType = sourcecode.swift; path = UserDetailsTableViewCell.swift; sourceTree = "<group>"; };
		7376A8BC1CA96556008C99C4 /* KanbanFlow.app */ = {isa = PBXFileReference; explicitFileType = wrapper.application; includeInIndex = 0; path = KanbanFlow.app; sourceTree = BUILT_PRODUCTS_DIR; };
		7376A8BF1CA96556008C99C4 /* AppDelegate.swift */ = {isa = PBXFileReference; lastKnownFileType = sourcecode.swift; path = AppDelegate.swift; sourceTree = "<group>"; };
		7376A8C11CA96556008C99C4 /* ViewController.swift */ = {isa = PBXFileReference; lastKnownFileType = sourcecode.swift; path = ViewController.swift; sourceTree = "<group>"; };
		7376A8C41CA96556008C99C4 /* Base */ = {isa = PBXFileReference; lastKnownFileType = file.storyboard; name = Base; path = Base.lproj/Main.storyboard; sourceTree = "<group>"; };
		7376A8C61CA96556008C99C4 /* Assets.xcassets */ = {isa = PBXFileReference; lastKnownFileType = folder.assetcatalog; path = Assets.xcassets; sourceTree = "<group>"; };
		7376A8C91CA96556008C99C4 /* Base */ = {isa = PBXFileReference; lastKnownFileType = file.storyboard; name = Base; path = Base.lproj/LaunchScreen.storyboard; sourceTree = "<group>"; };
		7376A8CB1CA96556008C99C4 /* Info.plist */ = {isa = PBXFileReference; lastKnownFileType = text.plist.xml; path = Info.plist; sourceTree = "<group>"; };
		7376A8D01CA96556008C99C4 /* KanbanFlowTests.xctest */ = {isa = PBXFileReference; explicitFileType = wrapper.cfbundle; includeInIndex = 0; path = KanbanFlowTests.xctest; sourceTree = BUILT_PRODUCTS_DIR; };
		7376A8D41CA96556008C99C4 /* KanbanFlowTests.swift */ = {isa = PBXFileReference; lastKnownFileType = sourcecode.swift; path = KanbanFlowTests.swift; sourceTree = "<group>"; };
		7376A8D61CA96556008C99C4 /* Info.plist */ = {isa = PBXFileReference; lastKnownFileType = text.plist.xml; path = Info.plist; sourceTree = "<group>"; };
		7376A8DB1CA96556008C99C4 /* KanbanFlowUITests.xctest */ = {isa = PBXFileReference; explicitFileType = wrapper.cfbundle; includeInIndex = 0; path = KanbanFlowUITests.xctest; sourceTree = BUILT_PRODUCTS_DIR; };
		7376A8DF1CA96556008C99C4 /* KanbanFlowUITests.swift */ = {isa = PBXFileReference; lastKnownFileType = sourcecode.swift; path = KanbanFlowUITests.swift; sourceTree = "<group>"; };
		7376A8E11CA96556008C99C4 /* Info.plist */ = {isa = PBXFileReference; lastKnownFileType = text.plist.xml; path = Info.plist; sourceTree = "<group>"; };
		73DB3C4E1CAC126900EF1967 /* UserDetailsTableViewController.swift */ = {isa = PBXFileReference; fileEncoding = 4; lastKnownFileType = sourcecode.swift; path = UserDetailsTableViewController.swift; sourceTree = "<group>"; };
		73E21DE71CABCAE400FF2427 /* allUserTableTableViewController.swift */ = {isa = PBXFileReference; fileEncoding = 4; lastKnownFileType = sourcecode.swift; path = allUserTableTableViewController.swift; sourceTree = "<group>"; };
		9C4FBF7E51B5EEFF865B85D6 /* Pods.framework */ = {isa = PBXFileReference; explicitFileType = wrapper.framework; includeInIndex = 0; path = Pods.framework; sourceTree = BUILT_PRODUCTS_DIR; };
		A4C9EAA86D37CCD3301F41D1 /* Pods.release.xcconfig */ = {isa = PBXFileReference; includeInIndex = 1; lastKnownFileType = text.xcconfig; name = Pods.release.xcconfig; path = "Pods/Target Support Files/Pods/Pods.release.xcconfig"; sourceTree = "<group>"; };
/* End PBXFileReference section */

/* Begin PBXFrameworksBuildPhase section */
		7376A8B91CA96556008C99C4 /* Frameworks */ = {
			isa = PBXFrameworksBuildPhase;
			buildActionMask = 2147483647;
			files = (
				1ADDF965D66B378150F1E243 /* Pods.framework in Frameworks */,
			);
			runOnlyForDeploymentPostprocessing = 0;
		};
		7376A8CD1CA96556008C99C4 /* Frameworks */ = {
			isa = PBXFrameworksBuildPhase;
			buildActionMask = 2147483647;
			files = (
			);
			runOnlyForDeploymentPostprocessing = 0;
		};
		7376A8D81CA96556008C99C4 /* Frameworks */ = {
			isa = PBXFrameworksBuildPhase;
			buildActionMask = 2147483647;
			files = (
			);
			runOnlyForDeploymentPostprocessing = 0;
		};
/* End PBXFrameworksBuildPhase section */

/* Begin PBXGroup section */
		5014B9EF918DCDCDB6441C37 /* Frameworks */ = {
			isa = PBXGroup;
			children = (
				9C4FBF7E51B5EEFF865B85D6 /* Pods.framework */,
			);
			name = Frameworks;
			sourceTree = "<group>";
		};
		730F39D11CB3CB5B009250F8 /* Resources */ = {
			isa = PBXGroup;
			children = (
				730F39D21CB3CB75009250F8 /* TextFieldEffects */,
			);
			name = Resources;
			sourceTree = "<group>";
		};
		730F39D21CB3CB75009250F8 /* TextFieldEffects */ = {
			isa = PBXGroup;
			children = (
				730F39D31CB3CB75009250F8 /* AkiraTextField.swift */,
				730F39D41CB3CB75009250F8 /* HoshiTextField.swift */,
				730F39D51CB3CB75009250F8 /* Info.plist */,
				730F39D61CB3CB75009250F8 /* IsaoTextField.swift */,
				730F39D71CB3CB75009250F8 /* JiroTextField.swift */,
				730F39D81CB3CB75009250F8 /* KaedeTextField.swift */,
				730F39D91CB3CB75009250F8 /* MadokaTextField.swift */,
				730F39DA1CB3CB75009250F8 /* MinoruTextField.swift */,
				730F39DB1CB3CB75009250F8 /* TextFieldEffects.h */,
				730F39DC1CB3CB75009250F8 /* TextFieldsEffects.swift */,
				730F39DD1CB3CB75009250F8 /* YokoTextField.swift */,
				730F39DE1CB3CB75009250F8 /* YoshikoTextField.swift */,
			);
			path = TextFieldEffects;
			sourceTree = "<group>";
		};
		7376A8B31CA96556008C99C4 = {
			isa = PBXGroup;
			children = (
				7376A8BE1CA96556008C99C4 /* KanbanFlow */,
				7376A8D31CA96556008C99C4 /* KanbanFlowTests */,
				7376A8DE1CA96556008C99C4 /* KanbanFlowUITests */,
				7376A8BD1CA96556008C99C4 /* Products */,
				AB67D0022C36C862FE392AFF /* Pods */,
				5014B9EF918DCDCDB6441C37 /* Frameworks */,
			);
			sourceTree = "<group>";
		};
		7376A8BD1CA96556008C99C4 /* Products */ = {
			isa = PBXGroup;
			children = (
				7376A8BC1CA96556008C99C4 /* KanbanFlow.app */,
				7376A8D01CA96556008C99C4 /* KanbanFlowTests.xctest */,
				7376A8DB1CA96556008C99C4 /* KanbanFlowUITests.xctest */,
			);
			name = Products;
			sourceTree = "<group>";
		};
		7376A8BE1CA96556008C99C4 /* KanbanFlow */ = {
			isa = PBXGroup;
			children = (
				7376A8BF1CA96556008C99C4 /* AppDelegate.swift */,
				730F39D11CB3CB5B009250F8 /* Resources */,
				7376A8ED1CA96F88008C99C4 /* ViewControllers */,
				7376A8C31CA96556008C99C4 /* Main.storyboard */,
				7376A8C61CA96556008C99C4 /* Assets.xcassets */,
				7376A8C81CA96556008C99C4 /* LaunchScreen.storyboard */,
				7376A8CB1CA96556008C99C4 /* Info.plist */,
			);
			path = KanbanFlow;
			sourceTree = "<group>";
		};
		7376A8D31CA96556008C99C4 /* KanbanFlowTests */ = {
			isa = PBXGroup;
			children = (
				7376A8D41CA96556008C99C4 /* KanbanFlowTests.swift */,
				7376A8D61CA96556008C99C4 /* Info.plist */,
			);
			path = KanbanFlowTests;
			sourceTree = "<group>";
		};
		7376A8DE1CA96556008C99C4 /* KanbanFlowUITests */ = {
			isa = PBXGroup;
			children = (
				7376A8DF1CA96556008C99C4 /* KanbanFlowUITests.swift */,
				7376A8E11CA96556008C99C4 /* Info.plist */,
			);
			path = KanbanFlowUITests;
			sourceTree = "<group>";
		};
		7376A8ED1CA96F88008C99C4 /* ViewControllers */ = {
			isa = PBXGroup;
			children = (
				7376A8C11CA96556008C99C4 /* ViewController.swift */,
				73E21DE71CABCAE400FF2427 /* allUserTableTableViewController.swift */,
				730F39EA1CB3DEDA009250F8 /* AllBoardsTableViewController.swift */,
				730F39EC1CB3E73C009250F8 /* UserTableViewCell.swift */,
				730F39EE1CB3F02E009250F8 /* UserDetailsTableViewCell.swift */,
				73DB3C4E1CAC126900EF1967 /* UserDetailsTableViewController.swift */,
			);
			name = ViewControllers;
			sourceTree = "<group>";
		};
		AB67D0022C36C862FE392AFF /* Pods */ = {
			isa = PBXGroup;
			children = (
				0D217CDC632C58FC9F76B888 /* Pods.debug.xcconfig */,
				A4C9EAA86D37CCD3301F41D1 /* Pods.release.xcconfig */,
			);
			name = Pods;
			sourceTree = "<group>";
		};
/* End PBXGroup section */

/* Begin PBXNativeTarget section */
		7376A8BB1CA96556008C99C4 /* KanbanFlow */ = {
			isa = PBXNativeTarget;
			buildConfigurationList = 7376A8E41CA96556008C99C4 /* Build configuration list for PBXNativeTarget "KanbanFlow" */;
			buildPhases = (
				4BC7F9114D65B86C99BCB68D /* Check Pods Manifest.lock */,
				7376A8B81CA96556008C99C4 /* Sources */,
				7376A8B91CA96556008C99C4 /* Frameworks */,
				7376A8BA1CA96556008C99C4 /* Resources */,
				C15907E372A7E11FD35D88B6 /* Embed Pods Frameworks */,
				D99B28B65A6EFCE8ED799778 /* Copy Pods Resources */,
			);
			buildRules = (
			);
			dependencies = (
			);
			name = KanbanFlow;
			productName = KanbanFlow;
			productReference = 7376A8BC1CA96556008C99C4 /* KanbanFlow.app */;
			productType = "com.apple.product-type.application";
		};
		7376A8CF1CA96556008C99C4 /* KanbanFlowTests */ = {
			isa = PBXNativeTarget;
			buildConfigurationList = 7376A8E71CA96556008C99C4 /* Build configuration list for PBXNativeTarget "KanbanFlowTests" */;
			buildPhases = (
				7376A8CC1CA96556008C99C4 /* Sources */,
				7376A8CD1CA96556008C99C4 /* Frameworks */,
				7376A8CE1CA96556008C99C4 /* Resources */,
			);
			buildRules = (
			);
			dependencies = (
				7376A8D21CA96556008C99C4 /* PBXTargetDependency */,
			);
			name = KanbanFlowTests;
			productName = KanbanFlowTests;
			productReference = 7376A8D01CA96556008C99C4 /* KanbanFlowTests.xctest */;
			productType = "com.apple.product-type.bundle.unit-test";
		};
		7376A8DA1CA96556008C99C4 /* KanbanFlowUITests */ = {
			isa = PBXNativeTarget;
			buildConfigurationList = 7376A8EA1CA96556008C99C4 /* Build configuration list for PBXNativeTarget "KanbanFlowUITests" */;
			buildPhases = (
				7376A8D71CA96556008C99C4 /* Sources */,
				7376A8D81CA96556008C99C4 /* Frameworks */,
				7376A8D91CA96556008C99C4 /* Resources */,
			);
			buildRules = (
			);
			dependencies = (
				7376A8DD1CA96556008C99C4 /* PBXTargetDependency */,
			);
			name = KanbanFlowUITests;
			productName = KanbanFlowUITests;
			productReference = 7376A8DB1CA96556008C99C4 /* KanbanFlowUITests.xctest */;
			productType = "com.apple.product-type.bundle.ui-testing";
		};
/* End PBXNativeTarget section */

/* Begin PBXProject section */
		7376A8B41CA96556008C99C4 /* Project object */ = {
			isa = PBXProject;
			attributes = {
				LastSwiftUpdateCheck = 0720;
				LastUpgradeCheck = 0720;
				ORGANIZATIONNAME = "Wow Labz";
				TargetAttributes = {
					7376A8BB1CA96556008C99C4 = {
						CreatedOnToolsVersion = 7.2.1;
					};
					7376A8CF1CA96556008C99C4 = {
						CreatedOnToolsVersion = 7.2.1;
						TestTargetID = 7376A8BB1CA96556008C99C4;
					};
					7376A8DA1CA96556008C99C4 = {
						CreatedOnToolsVersion = 7.2.1;
						TestTargetID = 7376A8BB1CA96556008C99C4;
					};
				};
			};
			buildConfigurationList = 7376A8B71CA96556008C99C4 /* Build configuration list for PBXProject "KanbanFlow" */;
			compatibilityVersion = "Xcode 3.2";
			developmentRegion = English;
			hasScannedForEncodings = 0;
			knownRegions = (
				en,
				Base,
			);
			mainGroup = 7376A8B31CA96556008C99C4;
			productRefGroup = 7376A8BD1CA96556008C99C4 /* Products */;
			projectDirPath = "";
			projectRoot = "";
			targets = (
				7376A8BB1CA96556008C99C4 /* KanbanFlow */,
				7376A8CF1CA96556008C99C4 /* KanbanFlowTests */,
				7376A8DA1CA96556008C99C4 /* KanbanFlowUITests */,
			);
		};
/* End PBXProject section */

/* Begin PBXResourcesBuildPhase section */
		7376A8BA1CA96556008C99C4 /* Resources */ = {
			isa = PBXResourcesBuildPhase;
			buildActionMask = 2147483647;
			files = (
				730F39E11CB3CB75009250F8 /* Info.plist in Resources */,
				7376A8CA1CA96556008C99C4 /* LaunchScreen.storyboard in Resources */,
				7376A8C71CA96556008C99C4 /* Assets.xcassets in Resources */,
				7376A8C51CA96556008C99C4 /* Main.storyboard in Resources */,
			);
			runOnlyForDeploymentPostprocessing = 0;
		};
		7376A8CE1CA96556008C99C4 /* Resources */ = {
			isa = PBXResourcesBuildPhase;
			buildActionMask = 2147483647;
			files = (
			);
			runOnlyForDeploymentPostprocessing = 0;
		};
		7376A8D91CA96556008C99C4 /* Resources */ = {
			isa = PBXResourcesBuildPhase;
			buildActionMask = 2147483647;
			files = (
			);
			runOnlyForDeploymentPostprocessing = 0;
		};
/* End PBXResourcesBuildPhase section */

/* Begin PBXShellScriptBuildPhase section */
		4BC7F9114D65B86C99BCB68D /* Check Pods Manifest.lock */ = {
			isa = PBXShellScriptBuildPhase;
			buildActionMask = 2147483647;
			files = (
			);
			inputPaths = (
			);
			name = "Check Pods Manifest.lock";
			outputPaths = (
			);
			runOnlyForDeploymentPostprocessing = 0;
			shellPath = /bin/sh;
			shellScript = "diff \"${PODS_ROOT}/../Podfile.lock\" \"${PODS_ROOT}/Manifest.lock\" > /dev/null\nif [[ $? != 0 ]] ; then\n    cat << EOM\nerror: The sandbox is not in sync with the Podfile.lock. Run 'pod install' or update your CocoaPods installation.\nEOM\n    exit 1\nfi\n";
			showEnvVarsInLog = 0;
		};
		C15907E372A7E11FD35D88B6 /* Embed Pods Frameworks */ = {
			isa = PBXShellScriptBuildPhase;
			buildActionMask = 2147483647;
			files = (
			);
			inputPaths = (
			);
			name = "Embed Pods Frameworks";
			outputPaths = (
			);
			runOnlyForDeploymentPostprocessing = 0;
			shellPath = /bin/sh;
			shellScript = "\"${SRCROOT}/Pods/Target Support Files/Pods/Pods-frameworks.sh\"\n";
			showEnvVarsInLog = 0;
		};
		D99B28B65A6EFCE8ED799778 /* Copy Pods Resources */ = {
			isa = PBXShellScriptBuildPhase;
			buildActionMask = 2147483647;
			files = (
			);
			inputPaths = (
			);
			name = "Copy Pods Resources";
			outputPaths = (
			);
			runOnlyForDeploymentPostprocessing = 0;
			shellPath = /bin/sh;
			shellScript = "\"${SRCROOT}/Pods/Target Support Files/Pods/Pods-resources.sh\"\n";
			showEnvVarsInLog = 0;
		};
/* End PBXShellScriptBuildPhase section */

/* Begin PBXSourcesBuildPhase section */
		7376A8B81CA96556008C99C4 /* Sources */ = {
			isa = PBXSourcesBuildPhase;
			buildActionMask = 2147483647;
			files = (
				730F39E91CB3CB75009250F8 /* YoshikoTextField.swift in Sources */,
				730F39EB1CB3DEDA009250F8 /* AllBoardsTableViewController.swift in Sources */,
				730F39E51CB3CB75009250F8 /* MadokaTextField.swift in Sources */,
				730F39EF1CB3F02E009250F8 /* UserDetailsTableViewCell.swift in Sources */,
				7376A8C21CA96556008C99C4 /* ViewController.swift in Sources */,
				730F39ED1CB3E73C009250F8 /* UserTableViewCell.swift in Sources */,
				73E21DE81CABCAE400FF2427 /* allUserTableTableViewController.swift in Sources */,
				7376A8C01CA96556008C99C4 /* AppDelegate.swift in Sources */,
				730F39E61CB3CB75009250F8 /* MinoruTextField.swift in Sources */,
				730F39E31CB3CB75009250F8 /* JiroTextField.swift in Sources */,
				730F39E01CB3CB75009250F8 /* HoshiTextField.swift in Sources */,
				730F39E21CB3CB75009250F8 /* IsaoTextField.swift in Sources */,
				730F39E81CB3CB75009250F8 /* YokoTextField.swift in Sources */,
				730F39E41CB3CB75009250F8 /* KaedeTextField.swift in Sources */,
				73DB3C4F1CAC126900EF1967 /* UserDetailsTableViewController.swift in Sources */,
				730F39E71CB3CB75009250F8 /* TextFieldsEffects.swift in Sources */,
				730F39DF1CB3CB75009250F8 /* AkiraTextField.swift in Sources */,
			);
			runOnlyForDeploymentPostprocessing = 0;
		};
		7376A8CC1CA96556008C99C4 /* Sources */ = {
			isa = PBXSourcesBuildPhase;
			buildActionMask = 2147483647;
			files = (
				7376A8D51CA96556008C99C4 /* KanbanFlowTests.swift in Sources */,
			);
			runOnlyForDeploymentPostprocessing = 0;
		};
		7376A8D71CA96556008C99C4 /* Sources */ = {
			isa = PBXSourcesBuildPhase;
			buildActionMask = 2147483647;
			files = (
				7376A8E01CA96556008C99C4 /* KanbanFlowUITests.swift in Sources */,
			);
			runOnlyForDeploymentPostprocessing = 0;
		};
/* End PBXSourcesBuildPhase section */

/* Begin PBXTargetDependency section */
		7376A8D21CA96556008C99C4 /* PBXTargetDependency */ = {
			isa = PBXTargetDependency;
			target = 7376A8BB1CA96556008C99C4 /* KanbanFlow */;
			targetProxy = 7376A8D11CA96556008C99C4 /* PBXContainerItemProxy */;
		};
		7376A8DD1CA96556008C99C4 /* PBXTargetDependency */ = {
			isa = PBXTargetDependency;
			target = 7376A8BB1CA96556008C99C4 /* KanbanFlow */;
			targetProxy = 7376A8DC1CA96556008C99C4 /* PBXContainerItemProxy */;
		};
/* End PBXTargetDependency section */

/* Begin PBXVariantGroup section */
		7376A8C31CA96556008C99C4 /* Main.storyboard */ = {
			isa = PBXVariantGroup;
			children = (
				7376A8C41CA96556008C99C4 /* Base */,
			);
			name = Main.storyboard;
			sourceTree = "<group>";
		};
		7376A8C81CA96556008C99C4 /* LaunchScreen.storyboard */ = {
			isa = PBXVariantGroup;
			children = (
				7376A8C91CA96556008C99C4 /* Base */,
			);
			name = LaunchScreen.storyboard;
			sourceTree = "<group>";
		};
/* End PBXVariantGroup section */

/* Begin XCBuildConfiguration section */
		7376A8E21CA96556008C99C4 /* Debug */ = {
			isa = XCBuildConfiguration;
			buildSettings = {
				ALWAYS_SEARCH_USER_PATHS = NO;
				CLANG_CXX_LANGUAGE_STANDARD = "gnu++0x";
				CLANG_CXX_LIBRARY = "libc++";
				CLANG_ENABLE_MODULES = YES;
				CLANG_ENABLE_OBJC_ARC = YES;
				CLANG_WARN_BOOL_CONVERSION = YES;
				CLANG_WARN_CONSTANT_CONVERSION = YES;
				CLANG_WARN_DIRECT_OBJC_ISA_USAGE = YES_ERROR;
				CLANG_WARN_EMPTY_BODY = YES;
				CLANG_WARN_ENUM_CONVERSION = YES;
				CLANG_WARN_INT_CONVERSION = YES;
				CLANG_WARN_OBJC_ROOT_CLASS = YES_ERROR;
				CLANG_WARN_UNREACHABLE_CODE = YES;
				CLANG_WARN__DUPLICATE_METHOD_MATCH = YES;
				"CODE_SIGN_IDENTITY[sdk=iphoneos*]" = "iPhone Developer";
				COPY_PHASE_STRIP = NO;
				DEBUG_INFORMATION_FORMAT = dwarf;
				ENABLE_STRICT_OBJC_MSGSEND = YES;
				ENABLE_TESTABILITY = YES;
				GCC_C_LANGUAGE_STANDARD = gnu99;
				GCC_DYNAMIC_NO_PIC = NO;
				GCC_NO_COMMON_BLOCKS = YES;
				GCC_OPTIMIZATION_LEVEL = 0;
				GCC_PREPROCESSOR_DEFINITIONS = (
					"DEBUG=1",
					"$(inherited)",
				);
				GCC_WARN_64_TO_32_BIT_CONVERSION = YES;
				GCC_WARN_ABOUT_RETURN_TYPE = YES_ERROR;
				GCC_WARN_UNDECLARED_SELECTOR = YES;
				GCC_WARN_UNINITIALIZED_AUTOS = YES_AGGRESSIVE;
				GCC_WARN_UNUSED_FUNCTION = YES;
				GCC_WARN_UNUSED_VARIABLE = YES;
				IPHONEOS_DEPLOYMENT_TARGET = 9.2;
				MTL_ENABLE_DEBUG_INFO = YES;
				ONLY_ACTIVE_ARCH = YES;
				SDKROOT = iphoneos;
				SWIFT_OPTIMIZATION_LEVEL = "-Onone";
			};
			name = Debug;
		};
		7376A8E31CA96556008C99C4 /* Release */ = {
			isa = XCBuildConfiguration;
			buildSettings = {
				ALWAYS_SEARCH_USER_PATHS = NO;
				CLANG_CXX_LANGUAGE_STANDARD = "gnu++0x";
				CLANG_CXX_LIBRARY = "libc++";
				CLANG_ENABLE_MODULES = YES;
				CLANG_ENABLE_OBJC_ARC = YES;
				CLANG_WARN_BOOL_CONVERSION = YES;
				CLANG_WARN_CONSTANT_CONVERSION = YES;
				CLANG_WARN_DIRECT_OBJC_ISA_USAGE = YES_ERROR;
				CLANG_WARN_EMPTY_BODY = YES;
				CLANG_WARN_ENUM_CONVERSION = YES;
				CLANG_WARN_INT_CONVERSION = YES;
				CLANG_WARN_OBJC_ROOT_CLASS = YES_ERROR;
				CLANG_WARN_UNREACHABLE_CODE = YES;
				CLANG_WARN__DUPLICATE_METHOD_MATCH = YES;
				"CODE_SIGN_IDENTITY[sdk=iphoneos*]" = "iPhone Developer";
				COPY_PHASE_STRIP = NO;
				DEBUG_INFORMATION_FORMAT = "dwarf-with-dsym";
				ENABLE_NS_ASSERTIONS = NO;
				ENABLE_STRICT_OBJC_MSGSEND = YES;
				GCC_C_LANGUAGE_STANDARD = gnu99;
				GCC_NO_COMMON_BLOCKS = YES;
				GCC_WARN_64_TO_32_BIT_CONVERSION = YES;
				GCC_WARN_ABOUT_RETURN_TYPE = YES_ERROR;
				GCC_WARN_UNDECLARED_SELECTOR = YES;
				GCC_WARN_UNINITIALIZED_AUTOS = YES_AGGRESSIVE;
				GCC_WARN_UNUSED_FUNCTION = YES;
				GCC_WARN_UNUSED_VARIABLE = YES;
				IPHONEOS_DEPLOYMENT_TARGET = 9.2;
				MTL_ENABLE_DEBUG_INFO = NO;
				SDKROOT = iphoneos;
				VALIDATE_PRODUCT = YES;
			};
			name = Release;
		};
		7376A8E51CA96556008C99C4 /* Debug */ = {
			isa = XCBuildConfiguration;
			baseConfigurationReference = 0D217CDC632C58FC9F76B888 /* Pods.debug.xcconfig */;
			buildSettings = {
				ASSETCATALOG_COMPILER_APPICON_NAME = AppIcon;
				INFOPLIST_FILE = KanbanFlow/Info.plist;
				LD_RUNPATH_SEARCH_PATHS = "$(inherited) @executable_path/Frameworks";
				PRODUCT_BUNDLE_IDENTIFIER = com.wowlabz.KanbanFlow;
				PRODUCT_NAME = "$(TARGET_NAME)";
			};
			name = Debug;
		};
		7376A8E61CA96556008C99C4 /* Release */ = {
			isa = XCBuildConfiguration;
			baseConfigurationReference = A4C9EAA86D37CCD3301F41D1 /* Pods.release.xcconfig */;
			buildSettings = {
				ASSETCATALOG_COMPILER_APPICON_NAME = AppIcon;
				INFOPLIST_FILE = KanbanFlow/Info.plist;
				LD_RUNPATH_SEARCH_PATHS = "$(inherited) @executable_path/Frameworks";
				PRODUCT_BUNDLE_IDENTIFIER = com.wowlabz.KanbanFlow;
				PRODUCT_NAME = "$(TARGET_NAME)";
			};
			name = Release;
		};
		7376A8E81CA96556008C99C4 /* Debug */ = {
			isa = XCBuildConfiguration;
			buildSettings = {
				BUNDLE_LOADER = "$(TEST_HOST)";
				INFOPLIST_FILE = KanbanFlowTests/Info.plist;
				LD_RUNPATH_SEARCH_PATHS = "$(inherited) @executable_path/Frameworks @loader_path/Frameworks";
				PRODUCT_BUNDLE_IDENTIFIER = com.wowlabz.KanbanFlowTests;
				PRODUCT_NAME = "$(TARGET_NAME)";
				TEST_HOST = "$(BUILT_PRODUCTS_DIR)/KanbanFlow.app/KanbanFlow";
			};
			name = Debug;
		};
		7376A8E91CA96556008C99C4 /* Release */ = {
			isa = XCBuildConfiguration;
			buildSettings = {
				BUNDLE_LOADER = "$(TEST_HOST)";
				INFOPLIST_FILE = KanbanFlowTests/Info.plist;
				LD_RUNPATH_SEARCH_PATHS = "$(inherited) @executable_path/Frameworks @loader_path/Frameworks";
				PRODUCT_BUNDLE_IDENTIFIER = com.wowlabz.KanbanFlowTests;
				PRODUCT_NAME = "$(TARGET_NAME)";
				TEST_HOST = "$(BUILT_PRODUCTS_DIR)/KanbanFlow.app/KanbanFlow";
			};
			name = Release;
		};
		7376A8EB1CA96556008C99C4 /* Debug */ = {
			isa = XCBuildConfiguration;
			buildSettings = {
				INFOPLIST_FILE = KanbanFlowUITests/Info.plist;
				LD_RUNPATH_SEARCH_PATHS = "$(inherited) @executable_path/Frameworks @loader_path/Frameworks";
				PRODUCT_BUNDLE_IDENTIFIER = com.wowlabz.KanbanFlowUITests;
				PRODUCT_NAME = "$(TARGET_NAME)";
				TEST_TARGET_NAME = KanbanFlow;
				USES_XCTRUNNER = YES;
			};
			name = Debug;
		};
		7376A8EC1CA96556008C99C4 /* Release */ = {
			isa = XCBuildConfiguration;
			buildSettings = {
				INFOPLIST_FILE = KanbanFlowUITests/Info.plist;
				LD_RUNPATH_SEARCH_PATHS = "$(inherited) @executable_path/Frameworks @loader_path/Frameworks";
				PRODUCT_BUNDLE_IDENTIFIER = com.wowlabz.KanbanFlowUITests;
				PRODUCT_NAME = "$(TARGET_NAME)";
				TEST_TARGET_NAME = KanbanFlow;
				USES_XCTRUNNER = YES;
			};
			name = Release;
		};
/* End XCBuildConfiguration section */

/* Begin XCConfigurationList section */
		7376A8B71CA96556008C99C4 /* Build configuration list for PBXProject "KanbanFlow" */ = {
			isa = XCConfigurationList;
			buildConfigurations = (
				7376A8E21CA96556008C99C4 /* Debug */,
				7376A8E31CA96556008C99C4 /* Release */,
			);
			defaultConfigurationIsVisible = 0;
			defaultConfigurationName = Release;
		};
		7376A8E41CA96556008C99C4 /* Build configuration list for PBXNativeTarget "KanbanFlow" */ = {
			isa = XCConfigurationList;
			buildConfigurations = (
				7376A8E51CA96556008C99C4 /* Debug */,
				7376A8E61CA96556008C99C4 /* Release */,
			);
			defaultConfigurationIsVisible = 0;
			defaultConfigurationName = Release;
		};
		7376A8E71CA96556008C99C4 /* Build configuration list for PBXNativeTarget "KanbanFlowTests" */ = {
			isa = XCConfigurationList;
			buildConfigurations = (
				7376A8E81CA96556008C99C4 /* Debug */,
				7376A8E91CA96556008C99C4 /* Release */,
			);
			defaultConfigurationIsVisible = 0;
			defaultConfigurationName = Release;
		};
		7376A8EA1CA96556008C99C4 /* Build configuration list for PBXNativeTarget "KanbanFlowUITests" */ = {
			isa = XCConfigurationList;
			buildConfigurations = (
				7376A8EB1CA96556008C99C4 /* Debug */,
				7376A8EC1CA96556008C99C4 /* Release */,
			);
			defaultConfigurationIsVisible = 0;
			defaultConfigurationName = Release;
		};
/* End XCConfigurationList section */
	};
	rootObject = 7376A8B41CA96556008C99C4 /* Project object */;
}
